// !$*UTF8*$!
{
	archiveVersion = 1;
	classes = {
	};
	objectVersion = 50;
	objects = {

/* Begin PBXBuildFile section */
		0D57FB9F229C25CF0063E17B /* main.cpp in Sources */ = {isa = PBXBuildFile; fileRef = 0D57FB9E229C25CF0063E17B /* main.cpp */; };
		0D57FBAC229C288E0063E17B /* main.cpp in Sources */ = {isa = PBXBuildFile; fileRef = 0D57FBAB229C288E0063E17B /* main.cpp */; };
		0DF925FB229D790100756D4D /* main.cpp in Sources */ = {isa = PBXBuildFile; fileRef = 0DF925FA229D790100756D4D /* main.cpp */; };
/* End PBXBuildFile section */

/* Begin PBXCopyFilesBuildPhase section */
		0D57FB99229C25CF0063E17B /* CopyFiles */ = {
			isa = PBXCopyFilesBuildPhase;
			buildActionMask = 2147483647;
			dstPath = /usr/share/man/man1/;
			dstSubfolderSpec = 0;
			files = (
			);
			runOnlyForDeploymentPostprocessing = 1;
		};
		0D57FBA7229C288E0063E17B /* CopyFiles */ = {
			isa = PBXCopyFilesBuildPhase;
			buildActionMask = 2147483647;
			dstPath = /usr/share/man/man1/;
			dstSubfolderSpec = 0;
			files = (
			);
			runOnlyForDeploymentPostprocessing = 1;
		};
		0DF925F6229D790100756D4D /* CopyFiles */ = {
			isa = PBXCopyFilesBuildPhase;
			buildActionMask = 2147483647;
			dstPath = /usr/share/man/man1/;
			dstSubfolderSpec = 0;
			files = (
			);
			runOnlyForDeploymentPostprocessing = 1;
		};
/* End PBXCopyFilesBuildPhase section */

/* Begin PBXFileReference section */
		0D57FB9B229C25CF0063E17B /* LeetCode */ = {isa = PBXFileReference; explicitFileType = "compiled.mach-o.executable"; includeInIndex = 0; path = LeetCode; sourceTree = BUILT_PRODUCTS_DIR; };
		0D57FB9E229C25CF0063E17B /* main.cpp */ = {isa = PBXFileReference; lastKnownFileType = sourcecode.cpp.cpp; path = main.cpp; sourceTree = "<group>"; };
		0D57FBA9229C288E0063E17B /* Prob1001_Two_Sum */ = {isa = PBXFileReference; explicitFileType = "compiled.mach-o.executable"; includeInIndex = 0; path = Prob1001_Two_Sum; sourceTree = BUILT_PRODUCTS_DIR; };
		0D57FBAB229C288E0063E17B /* main.cpp */ = {isa = PBXFileReference; lastKnownFileType = sourcecode.cpp.cpp; path = main.cpp; sourceTree = "<group>"; };
		0DF925F8229D790100756D4D /* Prob1002_Add_Two_Numbers */ = {isa = PBXFileReference; explicitFileType = "compiled.mach-o.executable"; includeInIndex = 0; path = Prob1002_Add_Two_Numbers; sourceTree = BUILT_PRODUCTS_DIR; };
		0DF925FA229D790100756D4D /* main.cpp */ = {isa = PBXFileReference; lastKnownFileType = sourcecode.cpp.cpp; path = main.cpp; sourceTree = "<group>"; };
/* End PBXFileReference section */

/* Begin PBXFrameworksBuildPhase section */
		0D57FB98229C25CF0063E17B /* Frameworks */ = {
			isa = PBXFrameworksBuildPhase;
			buildActionMask = 2147483647;
			files = (
			);
			runOnlyForDeploymentPostprocessing = 0;
		};
		0D57FBA6229C288E0063E17B /* Frameworks */ = {
			isa = PBXFrameworksBuildPhase;
			buildActionMask = 2147483647;
			files = (
			);
			runOnlyForDeploymentPostprocessing = 0;
		};
		0DF925F5229D790100756D4D /* Frameworks */ = {
			isa = PBXFrameworksBuildPhase;
			buildActionMask = 2147483647;
			files = (
			);
			runOnlyForDeploymentPostprocessing = 0;
		};
/* End PBXFrameworksBuildPhase section */

/* Begin PBXGroup section */
		0D57FB92229C25CF0063E17B = {
			isa = PBXGroup;
			children = (
				0D57FB9D229C25CF0063E17B /* LeetCode */,
				0D57FBAA229C288E0063E17B /* Prob1001_Two_Sum */,
				0DF925F9229D790100756D4D /* Prob1002_Add_Two_Numbers */,
				0D57FB9C229C25CF0063E17B /* Products */,
			);
			sourceTree = "<group>";
		};
		0D57FB9C229C25CF0063E17B /* Products */ = {
			isa = PBXGroup;
			children = (
				0D57FB9B229C25CF0063E17B /* LeetCode */,
				0D57FBA9229C288E0063E17B /* Prob1001_Two_Sum */,
				0DF925F8229D790100756D4D /* Prob1002_Add_Two_Numbers */,
			);
			name = Products;
			sourceTree = "<group>";
		};
		0D57FB9D229C25CF0063E17B /* LeetCode */ = {
			isa = PBXGroup;
			children = (
				0D57FB9E229C25CF0063E17B /* main.cpp */,
			);
			path = LeetCode;
			sourceTree = "<group>";
		};
		0D57FBAA229C288E0063E17B /* Prob1001_Two_Sum */ = {
			isa = PBXGroup;
			children = (
				0D57FBAB229C288E0063E17B /* main.cpp */,
			);
			path = Prob1001_Two_Sum;
			sourceTree = "<group>";
		};
		0DF925F9229D790100756D4D /* Prob1002_Add_Two_Numbers */ = {
			isa = PBXGroup;
			children = (
				0DF925FA229D790100756D4D /* main.cpp */,
			);
			path = Prob1002_Add_Two_Numbers;
			sourceTree = "<group>";
		};
/* End PBXGroup section */

/* Begin PBXNativeTarget section */
		0D57FB9A229C25CF0063E17B /* LeetCode */ = {
			isa = PBXNativeTarget;
			buildConfigurationList = 0D57FBA2229C25CF0063E17B /* Build configuration list for PBXNativeTarget "LeetCode" */;
			buildPhases = (
				0D57FB97229C25CF0063E17B /* Sources */,
				0D57FB98229C25CF0063E17B /* Frameworks */,
				0D57FB99229C25CF0063E17B /* CopyFiles */,
			);
			buildRules = (
			);
			dependencies = (
			);
			name = LeetCode;
			productName = LeetCode;
			productReference = 0D57FB9B229C25CF0063E17B /* LeetCode */;
			productType = "com.apple.product-type.tool";
		};
		0D57FBA8229C288E0063E17B /* Prob1001_Two_Sum */ = {
			isa = PBXNativeTarget;
			buildConfigurationList = 0D57FBAD229C288E0063E17B /* Build configuration list for PBXNativeTarget "Prob1001_Two_Sum" */;
			buildPhases = (
				0D57FBA5229C288E0063E17B /* Sources */,
				0D57FBA6229C288E0063E17B /* Frameworks */,
				0D57FBA7229C288E0063E17B /* CopyFiles */,
			);
			buildRules = (
			);
			dependencies = (
			);
			name = Prob1001_Two_Sum;
			productName = Prob1001_Two_Sum;
			productReference = 0D57FBA9229C288E0063E17B /* Prob1001_Two_Sum */;
			productType = "com.apple.product-type.tool";
		};
		0DF925F7229D790100756D4D /* Prob1002_Add_Two_Numbers */ = {
			isa = PBXNativeTarget;
			buildConfigurationList = 0DF925FE229D790100756D4D /* Build configuration list for PBXNativeTarget "Prob1002_Add_Two_Numbers" */;
			buildPhases = (
				0DF925F4229D790100756D4D /* Sources */,
				0DF925F5229D790100756D4D /* Frameworks */,
				0DF925F6229D790100756D4D /* CopyFiles */,
			);
			buildRules = (
			);
			dependencies = (
			);
			name = Prob1002_Add_Two_Numbers;
			productName = Prob1002_Add_Two_Numbers;
			productReference = 0DF925F8229D790100756D4D /* Prob1002_Add_Two_Numbers */;
			productType = "com.apple.product-type.tool";
		};
/* End PBXNativeTarget section */

/* Begin PBXProject section */
		0D57FB93229C25CF0063E17B /* Project object */ = {
			isa = PBXProject;
			attributes = {
				LastUpgradeCheck = 1020;
				ORGANIZATIONNAME = "阴昱为";
				TargetAttributes = {
					0D57FB9A229C25CF0063E17B = {
						CreatedOnToolsVersion = 10.2.1;
					};
					0D57FBA8229C288E0063E17B = {
						CreatedOnToolsVersion = 10.2.1;
					};
					0DF925F7229D790100756D4D = {
						CreatedOnToolsVersion = 10.2.1;
					};
				};
			};
			buildConfigurationList = 0D57FB96229C25CF0063E17B /* Build configuration list for PBXProject "LeetCode" */;
			compatibilityVersion = "Xcode 9.3";
			developmentRegion = en;
			hasScannedForEncodings = 0;
			knownRegions = (
				en,
			);
			mainGroup = 0D57FB92229C25CF0063E17B;
			productRefGroup = 0D57FB9C229C25CF0063E17B /* Products */;
			projectDirPath = "";
			projectRoot = "";
			targets = (
				0D57FB9A229C25CF0063E17B /* LeetCode */,
				0D57FBA8229C288E0063E17B /* Prob1001_Two_Sum */,
				0DF925F7229D790100756D4D /* Prob1002_Add_Two_Numbers */,
			);
		};
/* End PBXProject section */

/* Begin PBXSourcesBuildPhase section */
		0D57FB97229C25CF0063E17B /* Sources */ = {
			isa = PBXSourcesBuildPhase;
			buildActionMask = 2147483647;
			files = (
				0D57FB9F229C25CF0063E17B /* main.cpp in Sources */,
			);
			runOnlyForDeploymentPostprocessing = 0;
		};
		0D57FBA5229C288E0063E17B /* Sources */ = {
			isa = PBXSourcesBuildPhase;
			buildActionMask = 2147483647;
			files = (
				0D57FBAC229C288E0063E17B /* main.cpp in Sources */,
			);
			runOnlyForDeploymentPostprocessing = 0;
		};
		0DF925F4229D790100756D4D /* Sources */ = {
			isa = PBXSourcesBuildPhase;
			buildActionMask = 2147483647;
			files = (
				0DF925FB229D790100756D4D /* main.cpp in Sources */,
			);
			runOnlyForDeploymentPostprocessing = 0;
		};
/* End PBXSourcesBuildPhase section */

/* Begin XCBuildConfiguration section */
		0D57FBA0229C25CF0063E17B /* Debug */ = {
			isa = XCBuildConfiguration;
			buildSettings = {
				ALWAYS_SEARCH_USER_PATHS = NO;
				CLANG_ANALYZER_NONNULL = YES;
				CLANG_ANALYZER_NUMBER_OBJECT_CONVERSION = YES_AGGRESSIVE;
				CLANG_CXX_LANGUAGE_STANDARD = "gnu++14";
				CLANG_CXX_LIBRARY = "libc++";
				CLANG_ENABLE_MODULES = YES;
				CLANG_ENABLE_OBJC_ARC = YES;
				CLANG_ENABLE_OBJC_WEAK = YES;
				CLANG_WARN_BLOCK_CAPTURE_AUTORELEASING = YES;
				CLANG_WARN_BOOL_CONVERSION = YES;
				CLANG_WARN_COMMA = YES;
				CLANG_WARN_CONSTANT_CONVERSION = YES;
				CLANG_WARN_DEPRECATED_OBJC_IMPLEMENTATIONS = YES;
				CLANG_WARN_DIRECT_OBJC_ISA_USAGE = YES_ERROR;
				CLANG_WARN_DOCUMENTATION_COMMENTS = YES;
				CLANG_WARN_EMPTY_BODY = YES;
				CLANG_WARN_ENUM_CONVERSION = YES;
				CLANG_WARN_INFINITE_RECURSION = YES;
				CLANG_WARN_INT_CONVERSION = YES;
				CLANG_WARN_NON_LITERAL_NULL_CONVERSION = YES;
				CLANG_WARN_OBJC_IMPLICIT_RETAIN_SELF = YES;
				CLANG_WARN_OBJC_LITERAL_CONVERSION = YES;
				CLANG_WARN_OBJC_ROOT_CLASS = YES_ERROR;
				CLANG_WARN_RANGE_LOOP_ANALYSIS = YES;
				CLANG_WARN_STRICT_PROTOTYPES = YES;
				CLANG_WARN_SUSPICIOUS_MOVE = YES;
				CLANG_WARN_UNGUARDED_AVAILABILITY = YES_AGGRESSIVE;
				CLANG_WARN_UNREACHABLE_CODE = YES;
				CLANG_WARN__DUPLICATE_METHOD_MATCH = YES;
				CODE_SIGN_IDENTITY = "Mac Developer";
				COPY_PHASE_STRIP = NO;
				DEBUG_INFORMATION_FORMAT = dwarf;
				ENABLE_STRICT_OBJC_MSGSEND = YES;
				ENABLE_TESTABILITY = YES;
				GCC_C_LANGUAGE_STANDARD = gnu11;
				GCC_DYNAMIC_NO_PIC = NO;
				GCC_NO_COMMON_BLOCKS = YES;
				GCC_OPTIMIZATION_LEVEL = 0;
				GCC_PREPROCESSOR_DEFINITIONS = (
					"DEBUG=1",
					"$(inherited)",
				);
				GCC_WARN_64_TO_32_BIT_CONVERSION = YES;
				GCC_WARN_ABOUT_RETURN_TYPE = YES_ERROR;
				GCC_WARN_UNDECLARED_SELECTOR = YES;
				GCC_WARN_UNINITIALIZED_AUTOS = YES_AGGRESSIVE;
				GCC_WARN_UNUSED_FUNCTION = YES;
				GCC_WARN_UNUSED_VARIABLE = YES;
				MACOSX_DEPLOYMENT_TARGET = 10.14;
				MTL_ENABLE_DEBUG_INFO = INCLUDE_SOURCE;
				MTL_FAST_MATH = YES;
				ONLY_ACTIVE_ARCH = YES;
				SDKROOT = macosx;
			};
			name = Debug;
		};
		0D57FBA1229C25CF0063E17B /* Release */ = {
			isa = XCBuildConfiguration;
			buildSettings = {
				ALWAYS_SEARCH_USER_PATHS = NO;
				CLANG_ANALYZER_NONNULL = YES;
				CLANG_ANALYZER_NUMBER_OBJECT_CONVERSION = YES_AGGRESSIVE;
				CLANG_CXX_LANGUAGE_STANDARD = "gnu++14";
				CLANG_CXX_LIBRARY = "libc++";
				CLANG_ENABLE_MODULES = YES;
				CLANG_ENABLE_OBJC_ARC = YES;
				CLANG_ENABLE_OBJC_WEAK = YES;
				CLANG_WARN_BLOCK_CAPTURE_AUTORELEASING = YES;
				CLANG_WARN_BOOL_CONVERSION = YES;
				CLANG_WARN_COMMA = YES;
				CLANG_WARN_CONSTANT_CONVERSION = YES;
				CLANG_WARN_DEPRECATED_OBJC_IMPLEMENTATIONS = YES;
				CLANG_WARN_DIRECT_OBJC_ISA_USAGE = YES_ERROR;
				CLANG_WARN_DOCUMENTATION_COMMENTS = YES;
				CLANG_WARN_EMPTY_BODY = YES;
				CLANG_WARN_ENUM_CONVERSION = YES;
				CLANG_WARN_INFINITE_RECURSION = YES;
				CLANG_WARN_INT_CONVERSION = YES;
				CLANG_WARN_NON_LITERAL_NULL_CONVERSION = YES;
				CLANG_WARN_OBJC_IMPLICIT_RETAIN_SELF = YES;
				CLANG_WARN_OBJC_LITERAL_CONVERSION = YES;
				CLANG_WARN_OBJC_ROOT_CLASS = YES_ERROR;
				CLANG_WARN_RANGE_LOOP_ANALYSIS = YES;
				CLANG_WARN_STRICT_PROTOTYPES = YES;
				CLANG_WARN_SUSPICIOUS_MOVE = YES;
				CLANG_WARN_UNGUARDED_AVAILABILITY = YES_AGGRESSIVE;
				CLANG_WARN_UNREACHABLE_CODE = YES;
				CLANG_WARN__DUPLICATE_METHOD_MATCH = YES;
				CODE_SIGN_IDENTITY = "Mac Developer";
				COPY_PHASE_STRIP = NO;
				DEBUG_INFORMATION_FORMAT = "dwarf-with-dsym";
				ENABLE_NS_ASSERTIONS = NO;
				ENABLE_STRICT_OBJC_MSGSEND = YES;
				GCC_C_LANGUAGE_STANDARD = gnu11;
				GCC_NO_COMMON_BLOCKS = YES;
				GCC_WARN_64_TO_32_BIT_CONVERSION = YES;
				GCC_WARN_ABOUT_RETURN_TYPE = YES_ERROR;
				GCC_WARN_UNDECLARED_SELECTOR = YES;
				GCC_WARN_UNINITIALIZED_AUTOS = YES_AGGRESSIVE;
				GCC_WARN_UNUSED_FUNCTION = YES;
				GCC_WARN_UNUSED_VARIABLE = YES;
				MACOSX_DEPLOYMENT_TARGET = 10.14;
				MTL_ENABLE_DEBUG_INFO = NO;
				MTL_FAST_MATH = YES;
				SDKROOT = macosx;
			};
			name = Release;
		};
		0D57FBA3229C25CF0063E17B /* Debug */ = {
			isa = XCBuildConfiguration;
			buildSettings = {
				CODE_SIGN_STYLE = Automatic;
				DEVELOPMENT_TEAM = 5B7N3P94LH;
				PRODUCT_NAME = "$(TARGET_NAME)";
			};
			name = Debug;
		};
		0D57FBA4229C25CF0063E17B /* Release */ = {
			isa = XCBuildConfiguration;
			buildSettings = {
				CODE_SIGN_STYLE = Automatic;
				DEVELOPMENT_TEAM = 5B7N3P94LH;
				PRODUCT_NAME = "$(TARGET_NAME)";
			};
			name = Release;
		};
		0D57FBAE229C288E0063E17B /* Debug */ = {
			isa = XCBuildConfiguration;
			buildSettings = {
				CODE_SIGN_STYLE = Automatic;
				DEVELOPMENT_TEAM = 5B7N3P94LH;
				PRODUCT_NAME = "$(TARGET_NAME)";
			};
			name = Debug;
		};
		0D57FBAF229C288E0063E17B /* Release */ = {
			isa = XCBuildConfiguration;
			buildSettings = {
				CODE_SIGN_STYLE = Automatic;
				DEVELOPMENT_TEAM = 5B7N3P94LH;
				PRODUCT_NAME = "$(TARGET_NAME)";
			};
			name = Release;
		};
		0DF925FC229D790100756D4D /* Debug */ = {
			isa = XCBuildConfiguration;
			buildSettings = {
				CODE_SIGN_STYLE = Automatic;
				DEVELOPMENT_TEAM = 5B7N3P94LH;
				PRODUCT_NAME = "$(TARGET_NAME)";
			};
			name = Debug;
		};
		0DF925FD229D790100756D4D /* Release */ = {
			isa = XCBuildConfiguration;
			buildSettings = {
				CODE_SIGN_STYLE = Automatic;
				DEVELOPMENT_TEAM = 5B7N3P94LH;
				PRODUCT_NAME = "$(TARGET_NAME)";
			};
			name = Release;
		};
/* End XCBuildConfiguration section */

/* Begin XCConfigurationList section */
		0D57FB96229C25CF0063E17B /* Build configuration list for PBXProject "LeetCode" */ = {
			isa = XCConfigurationList;
			buildConfigurations = (
				0D57FBA0229C25CF0063E17B /* Debug */,
				0D57FBA1229C25CF0063E17B /* Release */,
			);
			defaultConfigurationIsVisible = 0;
			defaultConfigurationName = Release;
		};
		0D57FBA2229C25CF0063E17B /* Build configuration list for PBXNativeTarget "LeetCode" */ = {
			isa = XCConfigurationList;
			buildConfigurations = (
				0D57FBA3229C25CF0063E17B /* Debug */,
				0D57FBA4229C25CF0063E17B /* Release */,
			);
			defaultConfigurationIsVisible = 0;
			defaultConfigurationName = Release;
		};
		0D57FBAD229C288E0063E17B /* Build configuration list for PBXNativeTarget "Prob1001_Two_Sum" */ = {
			isa = XCConfigurationList;
			buildConfigurations = (
				0D57FBAE229C288E0063E17B /* Debug */,
				0D57FBAF229C288E0063E17B /* Release */,
			);
			defaultConfigurationIsVisible = 0;
			defaultConfigurationName = Release;
		};
		0DF925FE229D790100756D4D /* Build configuration list for PBXNativeTarget "Prob1002_Add_Two_Numbers" */ = {
			isa = XCConfigurationList;
			buildConfigurations = (
				0DF925FC229D790100756D4D /* Debug */,
				0DF925FD229D790100756D4D /* Release */,
			);
			defaultConfigurationIsVisible = 0;
			defaultConfigurationName = Release;
		};
/* End XCConfigurationList section */
	};
	rootObject = 0D57FB93229C25CF0063E17B /* Project object */;
}
