// !$*UTF8*$!
{
	archiveVersion = 1;
	classes = {
	};
	objectVersion = 50;
	objects = {

/* Begin PBXBuildFile section */
		0D02F00422C8BCC9001678F5 /* main.cpp in Sources */ = {isa = PBXBuildFile; fileRef = 0D02F00322C8BCC9001678F5 /* main.cpp */; };
		0D02F0E022D4C2E4001678F5 /* main.cpp in Sources */ = {isa = PBXBuildFile; fileRef = 0D02F0DF22D4C2E4001678F5 /* main.cpp */; };
		0D8D2C8A22BD3004002861C0 /* main.cpp in Sources */ = {isa = PBXBuildFile; fileRef = 0D8D2C8922BD3004002861C0 /* main.cpp */; };
		0D8D2C9722BD301B002861C0 /* main.cpp in Sources */ = {isa = PBXBuildFile; fileRef = 0D8D2C9622BD301B002861C0 /* main.cpp */; };
		0DA69148231AB55C00C28D9C /* main.cpp in Sources */ = {isa = PBXBuildFile; fileRef = 0DA69147231AB55C00C28D9C /* main.cpp */; };
/* End PBXBuildFile section */

/* Begin PBXCopyFilesBuildPhase section */
		0D02EFFF22C8BCC9001678F5 /* CopyFiles */ = {
			isa = PBXCopyFilesBuildPhase;
			buildActionMask = 2147483647;
			dstPath = /usr/share/man/man1/;
			dstSubfolderSpec = 0;
			files = (
			);
			runOnlyForDeploymentPostprocessing = 1;
		};
		0D02F0DB22D4C2E4001678F5 /* CopyFiles */ = {
			isa = PBXCopyFilesBuildPhase;
			buildActionMask = 2147483647;
			dstPath = /usr/share/man/man1/;
			dstSubfolderSpec = 0;
			files = (
			);
			runOnlyForDeploymentPostprocessing = 1;
		};
		0D8D2C8422BD3004002861C0 /* CopyFiles */ = {
			isa = PBXCopyFilesBuildPhase;
			buildActionMask = 2147483647;
			dstPath = /usr/share/man/man1/;
			dstSubfolderSpec = 0;
			files = (
			);
			runOnlyForDeploymentPostprocessing = 1;
		};
		0D8D2C9222BD301B002861C0 /* CopyFiles */ = {
			isa = PBXCopyFilesBuildPhase;
			buildActionMask = 2147483647;
			dstPath = /usr/share/man/man1/;
			dstSubfolderSpec = 0;
			files = (
			);
			runOnlyForDeploymentPostprocessing = 1;
		};
		0DA691222319165600C28D9C /* CopyFiles */ = {
			isa = PBXCopyFilesBuildPhase;
			buildActionMask = 2147483647;
			dstPath = /usr/share/man/man1/;
			dstSubfolderSpec = 0;
			files = (
			);
			runOnlyForDeploymentPostprocessing = 1;
		};
		0DA6912D2319167300C28D9C /* CopyFiles */ = {
			isa = PBXCopyFilesBuildPhase;
			buildActionMask = 2147483647;
			dstPath = /usr/share/man/man1/;
			dstSubfolderSpec = 0;
			files = (
			);
			runOnlyForDeploymentPostprocessing = 1;
		};
		0DA691382319186700C28D9C /* CopyFiles */ = {
			isa = PBXCopyFilesBuildPhase;
			buildActionMask = 2147483647;
			dstPath = /usr/share/man/man1/;
			dstSubfolderSpec = 0;
			files = (
			);
			runOnlyForDeploymentPostprocessing = 1;
		};
		0DA69143231AB55C00C28D9C /* CopyFiles */ = {
			isa = PBXCopyFilesBuildPhase;
			buildActionMask = 2147483647;
			dstPath = /usr/share/man/man1/;
			dstSubfolderSpec = 0;
			files = (
			);
			runOnlyForDeploymentPostprocessing = 1;
		};
/* End PBXCopyFilesBuildPhase section */

/* Begin PBXFileReference section */
		0D02F00122C8BCC9001678F5 /* ByteCamp_2019_Alg_5 */ = {isa = PBXFileReference; explicitFileType = "compiled.mach-o.executable"; includeInIndex = 0; path = ByteCamp_2019_Alg_5; sourceTree = BUILT_PRODUCTS_DIR; };
		0D02F00322C8BCC9001678F5 /* main.cpp */ = {isa = PBXFileReference; lastKnownFileType = sourcecode.cpp.cpp; path = main.cpp; sourceTree = "<group>"; };
		0D02F0DD22D4C2E4001678F5 /* ByteCamp_2019_Alg_6 */ = {isa = PBXFileReference; explicitFileType = "compiled.mach-o.executable"; includeInIndex = 0; path = ByteCamp_2019_Alg_6; sourceTree = BUILT_PRODUCTS_DIR; };
		0D02F0DF22D4C2E4001678F5 /* main.cpp */ = {isa = PBXFileReference; lastKnownFileType = sourcecode.cpp.cpp; path = main.cpp; sourceTree = "<group>"; };
		0D8D2C8622BD3004002861C0 /* OtherProb */ = {isa = PBXFileReference; explicitFileType = "compiled.mach-o.executable"; includeInIndex = 0; path = OtherProb; sourceTree = BUILT_PRODUCTS_DIR; };
		0D8D2C8922BD3004002861C0 /* main.cpp */ = {isa = PBXFileReference; lastKnownFileType = sourcecode.cpp.cpp; path = main.cpp; sourceTree = "<group>"; };
		0D8D2C9422BD301B002861C0 /* ByteCamp_2019_Alg_4 */ = {isa = PBXFileReference; explicitFileType = "compiled.mach-o.executable"; includeInIndex = 0; path = ByteCamp_2019_Alg_4; sourceTree = BUILT_PRODUCTS_DIR; };
		0D8D2C9622BD301B002861C0 /* main.cpp */ = {isa = PBXFileReference; lastKnownFileType = sourcecode.cpp.cpp; path = main.cpp; sourceTree = "<group>"; };
		0DA691242319165600C28D9C /* FineMinimum */ = {isa = PBXFileReference; explicitFileType = "compiled.mach-o.executable"; includeInIndex = 0; path = FineMinimum; sourceTree = BUILT_PRODUCTS_DIR; };
		0DA6912F2319167300C28D9C /* FindMinimum */ = {isa = PBXFileReference; explicitFileType = "compiled.mach-o.executable"; includeInIndex = 0; path = FindMinimum; sourceTree = BUILT_PRODUCTS_DIR; };
		0DA6913A2319186700C28D9C /* FIndMatrixMinimum */ = {isa = PBXFileReference; explicitFileType = "compiled.mach-o.executable"; includeInIndex = 0; path = FIndMatrixMinimum; sourceTree = BUILT_PRODUCTS_DIR; };
		0DA69145231AB55C00C28D9C /* FindMatrixMinimum */ = {isa = PBXFileReference; explicitFileType = "compiled.mach-o.executable"; includeInIndex = 0; path = FindMatrixMinimum; sourceTree = BUILT_PRODUCTS_DIR; };
		0DA69147231AB55C00C28D9C /* main.cpp */ = {isa = PBXFileReference; lastKnownFileType = sourcecode.cpp.cpp; path = main.cpp; sourceTree = "<group>"; };
/* End PBXFileReference section */

/* Begin PBXFrameworksBuildPhase section */
		0D02EFFE22C8BCC9001678F5 /* Frameworks */ = {
			isa = PBXFrameworksBuildPhase;
			buildActionMask = 2147483647;
			files = (
			);
			runOnlyForDeploymentPostprocessing = 0;
		};
		0D02F0DA22D4C2E4001678F5 /* Frameworks */ = {
			isa = PBXFrameworksBuildPhase;
			buildActionMask = 2147483647;
			files = (
			);
			runOnlyForDeploymentPostprocessing = 0;
		};
		0D8D2C8322BD3004002861C0 /* Frameworks */ = {
			isa = PBXFrameworksBuildPhase;
			buildActionMask = 2147483647;
			files = (
			);
			runOnlyForDeploymentPostprocessing = 0;
		};
		0D8D2C9122BD301B002861C0 /* Frameworks */ = {
			isa = PBXFrameworksBuildPhase;
			buildActionMask = 2147483647;
			files = (
			);
			runOnlyForDeploymentPostprocessing = 0;
		};
		0DA691212319165600C28D9C /* Frameworks */ = {
			isa = PBXFrameworksBuildPhase;
			buildActionMask = 2147483647;
			files = (
			);
			runOnlyForDeploymentPostprocessing = 0;
		};
		0DA6912C2319167300C28D9C /* Frameworks */ = {
			isa = PBXFrameworksBuildPhase;
			buildActionMask = 2147483647;
			files = (
			);
			runOnlyForDeploymentPostprocessing = 0;
		};
		0DA691372319186700C28D9C /* Frameworks */ = {
			isa = PBXFrameworksBuildPhase;
			buildActionMask = 2147483647;
			files = (
			);
			runOnlyForDeploymentPostprocessing = 0;
		};
		0DA69142231AB55C00C28D9C /* Frameworks */ = {
			isa = PBXFrameworksBuildPhase;
			buildActionMask = 2147483647;
			files = (
			);
			runOnlyForDeploymentPostprocessing = 0;
		};
/* End PBXFrameworksBuildPhase section */

/* Begin PBXGroup section */
		0D02F00222C8BCC9001678F5 /* ByteCamp_2019_Alg_5 */ = {
			isa = PBXGroup;
			children = (
				0D02F00322C8BCC9001678F5 /* main.cpp */,
			);
			path = ByteCamp_2019_Alg_5;
			sourceTree = "<group>";
		};
		0D02F0DE22D4C2E4001678F5 /* ByteCamp_2019_Alg_6 */ = {
			isa = PBXGroup;
			children = (
				0D02F0DF22D4C2E4001678F5 /* main.cpp */,
			);
			path = ByteCamp_2019_Alg_6;
			sourceTree = "<group>";
		};
		0D8D2C7D22BD3004002861C0 = {
			isa = PBXGroup;
			children = (
				0D8D2C8822BD3004002861C0 /* OtherProb */,
				0D8D2C9522BD301B002861C0 /* ByteCamp_2019_Alg_4 */,
				0D02F00222C8BCC9001678F5 /* ByteCamp_2019_Alg_5 */,
				0D02F0DE22D4C2E4001678F5 /* ByteCamp_2019_Alg_6 */,
				0DA69146231AB55C00C28D9C /* FindMatrixMinimum */,
				0D8D2C8722BD3004002861C0 /* Products */,
			);
			sourceTree = "<group>";
		};
		0D8D2C8722BD3004002861C0 /* Products */ = {
			isa = PBXGroup;
			children = (
				0D8D2C8622BD3004002861C0 /* OtherProb */,
				0D8D2C9422BD301B002861C0 /* ByteCamp_2019_Alg_4 */,
				0D02F00122C8BCC9001678F5 /* ByteCamp_2019_Alg_5 */,
				0D02F0DD22D4C2E4001678F5 /* ByteCamp_2019_Alg_6 */,
				0DA691242319165600C28D9C /* FineMinimum */,
				0DA6912F2319167300C28D9C /* FindMinimum */,
				0DA6913A2319186700C28D9C /* FIndMatrixMinimum */,
				0DA69145231AB55C00C28D9C /* FindMatrixMinimum */,
			);
			name = Products;
			sourceTree = "<group>";
		};
		0D8D2C8822BD3004002861C0 /* OtherProb */ = {
			isa = PBXGroup;
			children = (
				0D8D2C8922BD3004002861C0 /* main.cpp */,
			);
			path = OtherProb;
			sourceTree = "<group>";
		};
		0D8D2C9522BD301B002861C0 /* ByteCamp_2019_Alg_4 */ = {
			isa = PBXGroup;
			children = (
				0D8D2C9622BD301B002861C0 /* main.cpp */,
			);
			path = ByteCamp_2019_Alg_4;
			sourceTree = "<group>";
		};
		0DA69146231AB55C00C28D9C /* FindMatrixMinimum */ = {
			isa = PBXGroup;
			children = (
				0DA69147231AB55C00C28D9C /* main.cpp */,
			);
			path = FindMatrixMinimum;
			sourceTree = "<group>";
		};
/* End PBXGroup section */

/* Begin PBXNativeTarget section */
		0D02F00022C8BCC9001678F5 /* ByteCamp_2019_Alg_5 */ = {
			isa = PBXNativeTarget;
			buildConfigurationList = 0D02F00722C8BCC9001678F5 /* Build configuration list for PBXNativeTarget "ByteCamp_2019_Alg_5" */;
			buildPhases = (
				0D02EFFD22C8BCC9001678F5 /* Sources */,
				0D02EFFE22C8BCC9001678F5 /* Frameworks */,
				0D02EFFF22C8BCC9001678F5 /* CopyFiles */,
			);
			buildRules = (
			);
			dependencies = (
			);
			name = ByteCamp_2019_Alg_5;
			productName = ByteCamp_2019_Alg_5;
			productReference = 0D02F00122C8BCC9001678F5 /* ByteCamp_2019_Alg_5 */;
			productType = "com.apple.product-type.tool";
		};
		0D02F0DC22D4C2E4001678F5 /* ByteCamp_2019_Alg_6 */ = {
			isa = PBXNativeTarget;
			buildConfigurationList = 0D02F0E322D4C2E4001678F5 /* Build configuration list for PBXNativeTarget "ByteCamp_2019_Alg_6" */;
			buildPhases = (
				0D02F0D922D4C2E4001678F5 /* Sources */,
				0D02F0DA22D4C2E4001678F5 /* Frameworks */,
				0D02F0DB22D4C2E4001678F5 /* CopyFiles */,
			);
			buildRules = (
			);
			dependencies = (
			);
			name = ByteCamp_2019_Alg_6;
			productName = ByteCamp_2019_Alg_6;
			productReference = 0D02F0DD22D4C2E4001678F5 /* ByteCamp_2019_Alg_6 */;
			productType = "com.apple.product-type.tool";
		};
		0D8D2C8522BD3004002861C0 /* OtherProb */ = {
			isa = PBXNativeTarget;
			buildConfigurationList = 0D8D2C8D22BD3004002861C0 /* Build configuration list for PBXNativeTarget "OtherProb" */;
			buildPhases = (
				0D8D2C8222BD3004002861C0 /* Sources */,
				0D8D2C8322BD3004002861C0 /* Frameworks */,
				0D8D2C8422BD3004002861C0 /* CopyFiles */,
			);
			buildRules = (
			);
			dependencies = (
			);
			name = OtherProb;
			productName = OtherProb;
			productReference = 0D8D2C8622BD3004002861C0 /* OtherProb */;
			productType = "com.apple.product-type.tool";
		};
		0D8D2C9322BD301B002861C0 /* ByteCamp_2019_Alg_4 */ = {
			isa = PBXNativeTarget;
			buildConfigurationList = 0D8D2C9822BD301B002861C0 /* Build configuration list for PBXNativeTarget "ByteCamp_2019_Alg_4" */;
			buildPhases = (
				0D8D2C9022BD301B002861C0 /* Sources */,
				0D8D2C9122BD301B002861C0 /* Frameworks */,
				0D8D2C9222BD301B002861C0 /* CopyFiles */,
			);
			buildRules = (
			);
			dependencies = (
			);
			name = ByteCamp_2019_Alg_4;
			productName = ByteCamp_2019_Alg_4;
			productReference = 0D8D2C9422BD301B002861C0 /* ByteCamp_2019_Alg_4 */;
			productType = "com.apple.product-type.tool";
		};
		0DA691232319165600C28D9C /* FineMinimum */ = {
			isa = PBXNativeTarget;
			buildConfigurationList = 0DA6912A2319165600C28D9C /* Build configuration list for PBXNativeTarget "FineMinimum" */;
			buildPhases = (
				0DA691202319165600C28D9C /* Sources */,
				0DA691212319165600C28D9C /* Frameworks */,
				0DA691222319165600C28D9C /* CopyFiles */,
			);
			buildRules = (
			);
			dependencies = (
			);
			name = FineMinimum;
			productName = FineMinimum;
			productReference = 0DA691242319165600C28D9C /* FineMinimum */;
			productType = "com.apple.product-type.tool";
		};
		0DA6912E2319167300C28D9C /* FindMinimum */ = {
			isa = PBXNativeTarget;
			buildConfigurationList = 0DA691332319167300C28D9C /* Build configuration list for PBXNativeTarget "FindMinimum" */;
			buildPhases = (
				0DA6912B2319167300C28D9C /* Sources */,
				0DA6912C2319167300C28D9C /* Frameworks */,
				0DA6912D2319167300C28D9C /* CopyFiles */,
			);
			buildRules = (
			);
			dependencies = (
			);
			name = FindMinimum;
			productName = FindMinimum;
			productReference = 0DA6912F2319167300C28D9C /* FindMinimum */;
			productType = "com.apple.product-type.tool";
		};
		0DA691392319186700C28D9C /* FIndMatrixMinimum */ = {
			isa = PBXNativeTarget;
			buildConfigurationList = 0DA6913E2319186700C28D9C /* Build configuration list for PBXNativeTarget "FIndMatrixMinimum" */;
			buildPhases = (
				0DA691362319186700C28D9C /* Sources */,
				0DA691372319186700C28D9C /* Frameworks */,
				0DA691382319186700C28D9C /* CopyFiles */,
			);
			buildRules = (
			);
			dependencies = (
			);
			name = FIndMatrixMinimum;
			productName = FIndMatrixMinimum;
			productReference = 0DA6913A2319186700C28D9C /* FIndMatrixMinimum */;
			productType = "com.apple.product-type.tool";
		};
		0DA69144231AB55C00C28D9C /* FindMatrixMinimum */ = {
			isa = PBXNativeTarget;
			buildConfigurationList = 0DA69149231AB55C00C28D9C /* Build configuration list for PBXNativeTarget "FindMatrixMinimum" */;
			buildPhases = (
				0DA69141231AB55C00C28D9C /* Sources */,
				0DA69142231AB55C00C28D9C /* Frameworks */,
				0DA69143231AB55C00C28D9C /* CopyFiles */,
			);
			buildRules = (
			);
			dependencies = (
			);
			name = FindMatrixMinimum;
			productName = FindMatrixMinimum;
			productReference = 0DA69145231AB55C00C28D9C /* FindMatrixMinimum */;
			productType = "com.apple.product-type.tool";
		};
/* End PBXNativeTarget section */

/* Begin PBXProject section */
		0D8D2C7E22BD3004002861C0 /* Project object */ = {
			isa = PBXProject;
			attributes = {
				LastUpgradeCheck = 1020;
				ORGANIZATIONNAME = "阴昱为";
				TargetAttributes = {
					0D02F00022C8BCC9001678F5 = {
						CreatedOnToolsVersion = 10.2.1;
					};
					0D02F0DC22D4C2E4001678F5 = {
						CreatedOnToolsVersion = 10.2.1;
					};
					0D8D2C8522BD3004002861C0 = {
						CreatedOnToolsVersion = 10.2.1;
					};
					0D8D2C9322BD301B002861C0 = {
						CreatedOnToolsVersion = 10.2.1;
					};
					0DA691232319165600C28D9C = {
						CreatedOnToolsVersion = 10.2.1;
					};
					0DA6912E2319167300C28D9C = {
						CreatedOnToolsVersion = 10.2.1;
					};
					0DA691392319186700C28D9C = {
						CreatedOnToolsVersion = 10.2.1;
					};
					0DA69144231AB55C00C28D9C = {
						CreatedOnToolsVersion = 10.2.1;
					};
				};
			};
			buildConfigurationList = 0D8D2C8122BD3004002861C0 /* Build configuration list for PBXProject "OtherProb" */;
			compatibilityVersion = "Xcode 9.3";
			developmentRegion = en;
			hasScannedForEncodings = 0;
			knownRegions = (
				en,
			);
			mainGroup = 0D8D2C7D22BD3004002861C0;
			productRefGroup = 0D8D2C8722BD3004002861C0 /* Products */;
			projectDirPath = "";
			projectRoot = "";
			targets = (
				0D8D2C8522BD3004002861C0 /* OtherProb */,
				0D8D2C9322BD301B002861C0 /* ByteCamp_2019_Alg_4 */,
				0D02F00022C8BCC9001678F5 /* ByteCamp_2019_Alg_5 */,
				0D02F0DC22D4C2E4001678F5 /* ByteCamp_2019_Alg_6 */,
				0DA691232319165600C28D9C /* FineMinimum */,
				0DA6912E2319167300C28D9C /* FindMinimum */,
				0DA691392319186700C28D9C /* FIndMatrixMinimum */,
				0DA69144231AB55C00C28D9C /* FindMatrixMinimum */,
			);
		};
/* End PBXProject section */

/* Begin PBXSourcesBuildPhase section */
		0D02EFFD22C8BCC9001678F5 /* Sources */ = {
			isa = PBXSourcesBuildPhase;
			buildActionMask = 2147483647;
			files = (
				0D02F00422C8BCC9001678F5 /* main.cpp in Sources */,
			);
			runOnlyForDeploymentPostprocessing = 0;
		};
		0D02F0D922D4C2E4001678F5 /* Sources */ = {
			isa = PBXSourcesBuildPhase;
			buildActionMask = 2147483647;
			files = (
				0D02F0E022D4C2E4001678F5 /* main.cpp in Sources */,
			);
			runOnlyForDeploymentPostprocessing = 0;
		};
		0D8D2C8222BD3004002861C0 /* Sources */ = {
			isa = PBXSourcesBuildPhase;
			buildActionMask = 2147483647;
			files = (
				0D8D2C8A22BD3004002861C0 /* main.cpp in Sources */,
			);
			runOnlyForDeploymentPostprocessing = 0;
		};
		0D8D2C9022BD301B002861C0 /* Sources */ = {
			isa = PBXSourcesBuildPhase;
			buildActionMask = 2147483647;
			files = (
				0D8D2C9722BD301B002861C0 /* main.cpp in Sources */,
			);
			runOnlyForDeploymentPostprocessing = 0;
		};
		0DA691202319165600C28D9C /* Sources */ = {
			isa = PBXSourcesBuildPhase;
			buildActionMask = 2147483647;
			files = (
			);
			runOnlyForDeploymentPostprocessing = 0;
		};
		0DA6912B2319167300C28D9C /* Sources */ = {
			isa = PBXSourcesBuildPhase;
			buildActionMask = 2147483647;
			files = (
			);
			runOnlyForDeploymentPostprocessing = 0;
		};
		0DA691362319186700C28D9C /* Sources */ = {
			isa = PBXSourcesBuildPhase;
			buildActionMask = 2147483647;
			files = (
			);
			runOnlyForDeploymentPostprocessing = 0;
		};
		0DA69141231AB55C00C28D9C /* Sources */ = {
			isa = PBXSourcesBuildPhase;
			buildActionMask = 2147483647;
			files = (
				0DA69148231AB55C00C28D9C /* main.cpp in Sources */,
			);
			runOnlyForDeploymentPostprocessing = 0;
		};
/* End PBXSourcesBuildPhase section */

/* Begin XCBuildConfiguration section */
		0D02F00522C8BCC9001678F5 /* Debug */ = {
			isa = XCBuildConfiguration;
			buildSettings = {
				CODE_SIGN_STYLE = Automatic;
				DEVELOPMENT_TEAM = 5B7N3P94LH;
				PRODUCT_NAME = "$(TARGET_NAME)";
			};
			name = Debug;
		};
		0D02F00622C8BCC9001678F5 /* Release */ = {
			isa = XCBuildConfiguration;
			buildSettings = {
				CODE_SIGN_STYLE = Automatic;
				DEVELOPMENT_TEAM = 5B7N3P94LH;
				PRODUCT_NAME = "$(TARGET_NAME)";
			};
			name = Release;
		};
		0D02F0E122D4C2E4001678F5 /* Debug */ = {
			isa = XCBuildConfiguration;
			buildSettings = {
				CODE_SIGN_STYLE = Automatic;
				DEVELOPMENT_TEAM = 5B7N3P94LH;
				PRODUCT_NAME = "$(TARGET_NAME)";
			};
			name = Debug;
		};
		0D02F0E222D4C2E4001678F5 /* Release */ = {
			isa = XCBuildConfiguration;
			buildSettings = {
				CODE_SIGN_STYLE = Automatic;
				DEVELOPMENT_TEAM = 5B7N3P94LH;
				PRODUCT_NAME = "$(TARGET_NAME)";
			};
			name = Release;
		};
		0D8D2C8B22BD3004002861C0 /* Debug */ = {
			isa = XCBuildConfiguration;
			buildSettings = {
				ALWAYS_SEARCH_USER_PATHS = NO;
				CLANG_ANALYZER_NONNULL = YES;
				CLANG_ANALYZER_NUMBER_OBJECT_CONVERSION = YES_AGGRESSIVE;
				CLANG_CXX_LANGUAGE_STANDARD = "gnu++14";
				CLANG_CXX_LIBRARY = "libc++";
				CLANG_ENABLE_MODULES = YES;
				CLANG_ENABLE_OBJC_ARC = YES;
				CLANG_ENABLE_OBJC_WEAK = YES;
				CLANG_WARN_BLOCK_CAPTURE_AUTORELEASING = YES;
				CLANG_WARN_BOOL_CONVERSION = YES;
				CLANG_WARN_COMMA = YES;
				CLANG_WARN_CONSTANT_CONVERSION = YES;
				CLANG_WARN_DEPRECATED_OBJC_IMPLEMENTATIONS = YES;
				CLANG_WARN_DIRECT_OBJC_ISA_USAGE = YES_ERROR;
				CLANG_WARN_DOCUMENTATION_COMMENTS = YES;
				CLANG_WARN_EMPTY_BODY = YES;
				CLANG_WARN_ENUM_CONVERSION = YES;
				CLANG_WARN_INFINITE_RECURSION = YES;
				CLANG_WARN_INT_CONVERSION = YES;
				CLANG_WARN_NON_LITERAL_NULL_CONVERSION = YES;
				CLANG_WARN_OBJC_IMPLICIT_RETAIN_SELF = YES;
				CLANG_WARN_OBJC_LITERAL_CONVERSION = YES;
				CLANG_WARN_OBJC_ROOT_CLASS = YES_ERROR;
				CLANG_WARN_RANGE_LOOP_ANALYSIS = YES;
				CLANG_WARN_STRICT_PROTOTYPES = YES;
				CLANG_WARN_SUSPICIOUS_MOVE = YES;
				CLANG_WARN_UNGUARDED_AVAILABILITY = YES_AGGRESSIVE;
				CLANG_WARN_UNREACHABLE_CODE = YES;
				CLANG_WARN__DUPLICATE_METHOD_MATCH = YES;
				CODE_SIGN_IDENTITY = "Mac Developer";
				COPY_PHASE_STRIP = NO;
				DEBUG_INFORMATION_FORMAT = dwarf;
				ENABLE_STRICT_OBJC_MSGSEND = YES;
				ENABLE_TESTABILITY = YES;
				GCC_C_LANGUAGE_STANDARD = gnu11;
				GCC_DYNAMIC_NO_PIC = NO;
				GCC_NO_COMMON_BLOCKS = YES;
				GCC_OPTIMIZATION_LEVEL = 0;
				GCC_PREPROCESSOR_DEFINITIONS = (
					"DEBUG=1",
					"$(inherited)",
				);
				GCC_WARN_64_TO_32_BIT_CONVERSION = YES;
				GCC_WARN_ABOUT_RETURN_TYPE = YES_ERROR;
				GCC_WARN_UNDECLARED_SELECTOR = YES;
				GCC_WARN_UNINITIALIZED_AUTOS = YES_AGGRESSIVE;
				GCC_WARN_UNUSED_FUNCTION = YES;
				GCC_WARN_UNUSED_VARIABLE = YES;
				MACOSX_DEPLOYMENT_TARGET = 10.14;
				MTL_ENABLE_DEBUG_INFO = INCLUDE_SOURCE;
				MTL_FAST_MATH = YES;
				ONLY_ACTIVE_ARCH = YES;
				SDKROOT = macosx;
			};
			name = Debug;
		};
		0D8D2C8C22BD3004002861C0 /* Release */ = {
			isa = XCBuildConfiguration;
			buildSettings = {
				ALWAYS_SEARCH_USER_PATHS = NO;
				CLANG_ANALYZER_NONNULL = YES;
				CLANG_ANALYZER_NUMBER_OBJECT_CONVERSION = YES_AGGRESSIVE;
				CLANG_CXX_LANGUAGE_STANDARD = "gnu++14";
				CLANG_CXX_LIBRARY = "libc++";
				CLANG_ENABLE_MODULES = YES;
				CLANG_ENABLE_OBJC_ARC = YES;
				CLANG_ENABLE_OBJC_WEAK = YES;
				CLANG_WARN_BLOCK_CAPTURE_AUTORELEASING = YES;
				CLANG_WARN_BOOL_CONVERSION = YES;
				CLANG_WARN_COMMA = YES;
				CLANG_WARN_CONSTANT_CONVERSION = YES;
				CLANG_WARN_DEPRECATED_OBJC_IMPLEMENTATIONS = YES;
				CLANG_WARN_DIRECT_OBJC_ISA_USAGE = YES_ERROR;
				CLANG_WARN_DOCUMENTATION_COMMENTS = YES;
				CLANG_WARN_EMPTY_BODY = YES;
				CLANG_WARN_ENUM_CONVERSION = YES;
				CLANG_WARN_INFINITE_RECURSION = YES;
				CLANG_WARN_INT_CONVERSION = YES;
				CLANG_WARN_NON_LITERAL_NULL_CONVERSION = YES;
				CLANG_WARN_OBJC_IMPLICIT_RETAIN_SELF = YES;
				CLANG_WARN_OBJC_LITERAL_CONVERSION = YES;
				CLANG_WARN_OBJC_ROOT_CLASS = YES_ERROR;
				CLANG_WARN_RANGE_LOOP_ANALYSIS = YES;
				CLANG_WARN_STRICT_PROTOTYPES = YES;
				CLANG_WARN_SUSPICIOUS_MOVE = YES;
				CLANG_WARN_UNGUARDED_AVAILABILITY = YES_AGGRESSIVE;
				CLANG_WARN_UNREACHABLE_CODE = YES;
				CLANG_WARN__DUPLICATE_METHOD_MATCH = YES;
				CODE_SIGN_IDENTITY = "Mac Developer";
				COPY_PHASE_STRIP = NO;
				DEBUG_INFORMATION_FORMAT = "dwarf-with-dsym";
				ENABLE_NS_ASSERTIONS = NO;
				ENABLE_STRICT_OBJC_MSGSEND = YES;
				GCC_C_LANGUAGE_STANDARD = gnu11;
				GCC_NO_COMMON_BLOCKS = YES;
				GCC_WARN_64_TO_32_BIT_CONVERSION = YES;
				GCC_WARN_ABOUT_RETURN_TYPE = YES_ERROR;
				GCC_WARN_UNDECLARED_SELECTOR = YES;
				GCC_WARN_UNINITIALIZED_AUTOS = YES_AGGRESSIVE;
				GCC_WARN_UNUSED_FUNCTION = YES;
				GCC_WARN_UNUSED_VARIABLE = YES;
				MACOSX_DEPLOYMENT_TARGET = 10.14;
				MTL_ENABLE_DEBUG_INFO = NO;
				MTL_FAST_MATH = YES;
				SDKROOT = macosx;
			};
			name = Release;
		};
		0D8D2C8E22BD3004002861C0 /* Debug */ = {
			isa = XCBuildConfiguration;
			buildSettings = {
				CODE_SIGN_STYLE = Automatic;
				DEVELOPMENT_TEAM = 5B7N3P94LH;
				PRODUCT_NAME = "$(TARGET_NAME)";
			};
			name = Debug;
		};
		0D8D2C8F22BD3004002861C0 /* Release */ = {
			isa = XCBuildConfiguration;
			buildSettings = {
				CODE_SIGN_STYLE = Automatic;
				DEVELOPMENT_TEAM = 5B7N3P94LH;
				PRODUCT_NAME = "$(TARGET_NAME)";
			};
			name = Release;
		};
		0D8D2C9922BD301B002861C0 /* Debug */ = {
			isa = XCBuildConfiguration;
			buildSettings = {
				CODE_SIGN_STYLE = Automatic;
				DEVELOPMENT_TEAM = 5B7N3P94LH;
				PRODUCT_NAME = "$(TARGET_NAME)";
			};
			name = Debug;
		};
		0D8D2C9A22BD301B002861C0 /* Release */ = {
			isa = XCBuildConfiguration;
			buildSettings = {
				CODE_SIGN_STYLE = Automatic;
				DEVELOPMENT_TEAM = 5B7N3P94LH;
				PRODUCT_NAME = "$(TARGET_NAME)";
			};
			name = Release;
		};
		0DA691282319165600C28D9C /* Debug */ = {
			isa = XCBuildConfiguration;
			buildSettings = {
				CODE_SIGN_STYLE = Automatic;
				DEVELOPMENT_TEAM = 5B7N3P94LH;
				PRODUCT_NAME = "$(TARGET_NAME)";
			};
			name = Debug;
		};
		0DA691292319165600C28D9C /* Release */ = {
			isa = XCBuildConfiguration;
			buildSettings = {
				CODE_SIGN_STYLE = Automatic;
				DEVELOPMENT_TEAM = 5B7N3P94LH;
				PRODUCT_NAME = "$(TARGET_NAME)";
			};
			name = Release;
		};
		0DA691342319167300C28D9C /* Debug */ = {
			isa = XCBuildConfiguration;
			buildSettings = {
				CODE_SIGN_STYLE = Automatic;
				DEVELOPMENT_TEAM = 5B7N3P94LH;
				PRODUCT_NAME = "$(TARGET_NAME)";
			};
			name = Debug;
		};
		0DA691352319167300C28D9C /* Release */ = {
			isa = XCBuildConfiguration;
			buildSettings = {
				CODE_SIGN_STYLE = Automatic;
				DEVELOPMENT_TEAM = 5B7N3P94LH;
				PRODUCT_NAME = "$(TARGET_NAME)";
			};
			name = Release;
		};
		0DA6913F2319186700C28D9C /* Debug */ = {
			isa = XCBuildConfiguration;
			buildSettings = {
				CODE_SIGN_STYLE = Automatic;
				DEVELOPMENT_TEAM = 5B7N3P94LH;
				PRODUCT_NAME = "$(TARGET_NAME)";
			};
			name = Debug;
		};
		0DA691402319186700C28D9C /* Release */ = {
			isa = XCBuildConfiguration;
			buildSettings = {
				CODE_SIGN_STYLE = Automatic;
				DEVELOPMENT_TEAM = 5B7N3P94LH;
				PRODUCT_NAME = "$(TARGET_NAME)";
			};
			name = Release;
		};
		0DA6914A231AB55C00C28D9C /* Debug */ = {
			isa = XCBuildConfiguration;
			buildSettings = {
				CODE_SIGN_STYLE = Automatic;
				DEVELOPMENT_TEAM = 5B7N3P94LH;
				PRODUCT_NAME = "$(TARGET_NAME)";
			};
			name = Debug;
		};
		0DA6914B231AB55C00C28D9C /* Release */ = {
			isa = XCBuildConfiguration;
			buildSettings = {
				CODE_SIGN_STYLE = Automatic;
				DEVELOPMENT_TEAM = 5B7N3P94LH;
				PRODUCT_NAME = "$(TARGET_NAME)";
			};
			name = Release;
		};
/* End XCBuildConfiguration section */

/* Begin XCConfigurationList section */
		0D02F00722C8BCC9001678F5 /* Build configuration list for PBXNativeTarget "ByteCamp_2019_Alg_5" */ = {
			isa = XCConfigurationList;
			buildConfigurations = (
				0D02F00522C8BCC9001678F5 /* Debug */,
				0D02F00622C8BCC9001678F5 /* Release */,
			);
			defaultConfigurationIsVisible = 0;
			defaultConfigurationName = Release;
		};
		0D02F0E322D4C2E4001678F5 /* Build configuration list for PBXNativeTarget "ByteCamp_2019_Alg_6" */ = {
			isa = XCConfigurationList;
			buildConfigurations = (
				0D02F0E122D4C2E4001678F5 /* Debug */,
				0D02F0E222D4C2E4001678F5 /* Release */,
			);
			defaultConfigurationIsVisible = 0;
			defaultConfigurationName = Release;
		};
		0D8D2C8122BD3004002861C0 /* Build configuration list for PBXProject "OtherProb" */ = {
			isa = XCConfigurationList;
			buildConfigurations = (
				0D8D2C8B22BD3004002861C0 /* Debug */,
				0D8D2C8C22BD3004002861C0 /* Release */,
			);
			defaultConfigurationIsVisible = 0;
			defaultConfigurationName = Release;
		};
		0D8D2C8D22BD3004002861C0 /* Build configuration list for PBXNativeTarget "OtherProb" */ = {
			isa = XCConfigurationList;
			buildConfigurations = (
				0D8D2C8E22BD3004002861C0 /* Debug */,
				0D8D2C8F22BD3004002861C0 /* Release */,
			);
			defaultConfigurationIsVisible = 0;
			defaultConfigurationName = Release;
		};
		0D8D2C9822BD301B002861C0 /* Build configuration list for PBXNativeTarget "ByteCamp_2019_Alg_4" */ = {
			isa = XCConfigurationList;
			buildConfigurations = (
				0D8D2C9922BD301B002861C0 /* Debug */,
				0D8D2C9A22BD301B002861C0 /* Release */,
			);
			defaultConfigurationIsVisible = 0;
			defaultConfigurationName = Release;
		};
		0DA6912A2319165600C28D9C /* Build configuration list for PBXNativeTarget "FineMinimum" */ = {
			isa = XCConfigurationList;
			buildConfigurations = (
				0DA691282319165600C28D9C /* Debug */,
				0DA691292319165600C28D9C /* Release */,
			);
			defaultConfigurationIsVisible = 0;
			defaultConfigurationName = Release;
		};
		0DA691332319167300C28D9C /* Build configuration list for PBXNativeTarget "FindMinimum" */ = {
			isa = XCConfigurationList;
			buildConfigurations = (
				0DA691342319167300C28D9C /* Debug */,
				0DA691352319167300C28D9C /* Release */,
			);
			defaultConfigurationIsVisible = 0;
			defaultConfigurationName = Release;
		};
		0DA6913E2319186700C28D9C /* Build configuration list for PBXNativeTarget "FIndMatrixMinimum" */ = {
			isa = XCConfigurationList;
			buildConfigurations = (
				0DA6913F2319186700C28D9C /* Debug */,
				0DA691402319186700C28D9C /* Release */,
			);
			defaultConfigurationIsVisible = 0;
			defaultConfigurationName = Release;
		};
		0DA69149231AB55C00C28D9C /* Build configuration list for PBXNativeTarget "FindMatrixMinimum" */ = {
			isa = XCConfigurationList;
			buildConfigurations = (
				0DA6914A231AB55C00C28D9C /* Debug */,
				0DA6914B231AB55C00C28D9C /* Release */,
			);
			defaultConfigurationIsVisible = 0;
			defaultConfigurationName = Release;
		};
/* End XCConfigurationList section */
	};
	rootObject = 0D8D2C7E22BD3004002861C0 /* Project object */;
}
